// !$*UTF8*$!
{
	archiveVersion = 1;
	classes = {
	};
	objectVersion = 55;
	objects = {

/* Begin PBXBuildFile section */
		FDA0160628350F92002384CB /* Tests_iOS.swift in Sources */ = {isa = PBXBuildFile; fileRef = FDA0160528350F92002384CB /* Tests_iOS.swift */; };
		FDA0160828350F92002384CB /* Tests_iOSLaunchTests.swift in Sources */ = {isa = PBXBuildFile; fileRef = FDA0160728350F92002384CB /* Tests_iOSLaunchTests.swift */; };
		FDA0161228350F92002384CB /* Tests_macOS.swift in Sources */ = {isa = PBXBuildFile; fileRef = FDA0161128350F92002384CB /* Tests_macOS.swift */; };
		FDA0161428350F92002384CB /* Tests_macOSLaunchTests.swift in Sources */ = {isa = PBXBuildFile; fileRef = FDA0161328350F92002384CB /* Tests_macOSLaunchTests.swift */; };
		FDA0161528350F92002384CB /* chainVote.xcdatamodeld in Sources */ = {isa = PBXBuildFile; fileRef = FDA015EA28350F8B002384CB /* chainVote.xcdatamodeld */; };
		FDA0161628350F92002384CB /* chainVote.xcdatamodeld in Sources */ = {isa = PBXBuildFile; fileRef = FDA015EA28350F8B002384CB /* chainVote.xcdatamodeld */; };
		FDA0161728350F92002384CB /* chainVoteApp.swift in Sources */ = {isa = PBXBuildFile; fileRef = FDA015EC28350F8B002384CB /* chainVoteApp.swift */; };
		FDA0161828350F92002384CB /* chainVoteApp.swift in Sources */ = {isa = PBXBuildFile; fileRef = FDA015EC28350F8B002384CB /* chainVoteApp.swift */; };
		FDA0161928350F92002384CB /* ContentView.swift in Sources */ = {isa = PBXBuildFile; fileRef = FDA015ED28350F8B002384CB /* ContentView.swift */; };
		FDA0161A28350F92002384CB /* ContentView.swift in Sources */ = {isa = PBXBuildFile; fileRef = FDA015ED28350F8B002384CB /* ContentView.swift */; };
		FDA0161B28350F92002384CB /* Persistence.swift in Sources */ = {isa = PBXBuildFile; fileRef = FDA015EE28350F8B002384CB /* Persistence.swift */; };
		FDA0161C28350F92002384CB /* Persistence.swift in Sources */ = {isa = PBXBuildFile; fileRef = FDA015EE28350F8B002384CB /* Persistence.swift */; };
		FDA0161D28350F92002384CB /* Assets.xcassets in Resources */ = {isa = PBXBuildFile; fileRef = FDA015EF28350F91002384CB /* Assets.xcassets */; };
		FDA0161E28350F92002384CB /* Assets.xcassets in Resources */ = {isa = PBXBuildFile; fileRef = FDA015EF28350F91002384CB /* Assets.xcassets */; };
/* End PBXBuildFile section */

/* Begin PBXContainerItemProxy section */
		FDA0160228350F92002384CB /* PBXContainerItemProxy */ = {
			isa = PBXContainerItemProxy;
			containerPortal = FDA015E528350F8A002384CB /* Project object */;
			proxyType = 1;
			remoteGlobalIDString = FDA015F328350F92002384CB;
			remoteInfo = "chainVote (iOS)";
		};
		FDA0160E28350F92002384CB /* PBXContainerItemProxy */ = {
			isa = PBXContainerItemProxy;
			containerPortal = FDA015E528350F8A002384CB /* Project object */;
			proxyType = 1;
			remoteGlobalIDString = FDA015F928350F92002384CB;
			remoteInfo = "chainVote (macOS)";
		};
/* End PBXContainerItemProxy section */

/* Begin PBXFileReference section */
		FDA015EB28350F8B002384CB /* Shared.xcdatamodel */ = {isa = PBXFileReference; lastKnownFileType = wrapper.xcdatamodel; path = Shared.xcdatamodel; sourceTree = "<group>"; };
		FDA015EC28350F8B002384CB /* chainVoteApp.swift */ = {isa = PBXFileReference; lastKnownFileType = sourcecode.swift; path = chainVoteApp.swift; sourceTree = "<group>"; };
		FDA015ED28350F8B002384CB /* ContentView.swift */ = {isa = PBXFileReference; lastKnownFileType = sourcecode.swift; path = ContentView.swift; sourceTree = "<group>"; };
		FDA015EE28350F8B002384CB /* Persistence.swift */ = {isa = PBXFileReference; lastKnownFileType = sourcecode.swift; path = Persistence.swift; sourceTree = "<group>"; };
		FDA015EF28350F91002384CB /* Assets.xcassets */ = {isa = PBXFileReference; lastKnownFileType = folder.assetcatalog; path = Assets.xcassets; sourceTree = "<group>"; };
		FDA015F428350F92002384CB /* chainVote.app */ = {isa = PBXFileReference; explicitFileType = wrapper.application; includeInIndex = 0; path = chainVote.app; sourceTree = BUILT_PRODUCTS_DIR; };
		FDA015FA28350F92002384CB /* chainVote.app */ = {isa = PBXFileReference; explicitFileType = wrapper.application; includeInIndex = 0; path = chainVote.app; sourceTree = BUILT_PRODUCTS_DIR; };
		FDA015FC28350F92002384CB /* macOS.entitlements */ = {isa = PBXFileReference; lastKnownFileType = text.plist.entitlements; path = macOS.entitlements; sourceTree = "<group>"; };
		FDA0160128350F92002384CB /* Tests iOS.xctest */ = {isa = PBXFileReference; explicitFileType = wrapper.cfbundle; includeInIndex = 0; path = "Tests iOS.xctest"; sourceTree = BUILT_PRODUCTS_DIR; };
		FDA0160528350F92002384CB /* Tests_iOS.swift */ = {isa = PBXFileReference; lastKnownFileType = sourcecode.swift; path = Tests_iOS.swift; sourceTree = "<group>"; };
		FDA0160728350F92002384CB /* Tests_iOSLaunchTests.swift */ = {isa = PBXFileReference; lastKnownFileType = sourcecode.swift; path = Tests_iOSLaunchTests.swift; sourceTree = "<group>"; };
		FDA0160D28350F92002384CB /* Tests macOS.xctest */ = {isa = PBXFileReference; explicitFileType = wrapper.cfbundle; includeInIndex = 0; path = "Tests macOS.xctest"; sourceTree = BUILT_PRODUCTS_DIR; };
		FDA0161128350F92002384CB /* Tests_macOS.swift */ = {isa = PBXFileReference; lastKnownFileType = sourcecode.swift; path = Tests_macOS.swift; sourceTree = "<group>"; };
		FDA0161328350F92002384CB /* Tests_macOSLaunchTests.swift */ = {isa = PBXFileReference; lastKnownFileType = sourcecode.swift; path = Tests_macOSLaunchTests.swift; sourceTree = "<group>"; };
/* End PBXFileReference section */

/* Begin PBXFrameworksBuildPhase section */
		FDA015F128350F92002384CB /* Frameworks */ = {
			isa = PBXFrameworksBuildPhase;
			buildActionMask = 2147483647;
			files = (
			);
			runOnlyForDeploymentPostprocessing = 0;
		};
		FDA015F728350F92002384CB /* Frameworks */ = {
			isa = PBXFrameworksBuildPhase;
			buildActionMask = 2147483647;
			files = (
			);
			runOnlyForDeploymentPostprocessing = 0;
		};
		FDA015FE28350F92002384CB /* Frameworks */ = {
			isa = PBXFrameworksBuildPhase;
			buildActionMask = 2147483647;
			files = (
			);
			runOnlyForDeploymentPostprocessing = 0;
		};
		FDA0160A28350F92002384CB /* Frameworks */ = {
			isa = PBXFrameworksBuildPhase;
			buildActionMask = 2147483647;
			files = (
			);
			runOnlyForDeploymentPostprocessing = 0;
		};
/* End PBXFrameworksBuildPhase section */

/* Begin PBXGroup section */
		FDA015E428350F8A002384CB = {
			isa = PBXGroup;
			children = (
				FDA015E928350F8B002384CB /* Shared */,
				FDA015FB28350F92002384CB /* macOS */,
				FDA0160428350F92002384CB /* Tests iOS */,
				FDA0161028350F92002384CB /* Tests macOS */,
				FDA015F528350F92002384CB /* Products */,
			);
			sourceTree = "<group>";
		};
		FDA015E928350F8B002384CB /* Shared */ = {
			isa = PBXGroup;
			children = (
				FDA015EC28350F8B002384CB /* chainVoteApp.swift */,
				FDA015ED28350F8B002384CB /* ContentView.swift */,
				FDA015EE28350F8B002384CB /* Persistence.swift */,
				FDA015EF28350F91002384CB /* Assets.xcassets */,
				FDA015EA28350F8B002384CB /* chainVote.xcdatamodeld */,
			);
			path = Shared;
			sourceTree = "<group>";
		};
		FDA015F528350F92002384CB /* Products */ = {
			isa = PBXGroup;
			children = (
				FDA015F428350F92002384CB /* chainVote.app */,
				FDA015FA28350F92002384CB /* chainVote.app */,
				FDA0160128350F92002384CB /* Tests iOS.xctest */,
				FDA0160D28350F92002384CB /* Tests macOS.xctest */,
			);
			name = Products;
			sourceTree = "<group>";
		};
		FDA015FB28350F92002384CB /* macOS */ = {
			isa = PBXGroup;
			children = (
				FDA015FC28350F92002384CB /* macOS.entitlements */,
			);
			path = macOS;
			sourceTree = "<group>";
		};
		FDA0160428350F92002384CB /* Tests iOS */ = {
			isa = PBXGroup;
			children = (
				FDA0160528350F92002384CB /* Tests_iOS.swift */,
				FDA0160728350F92002384CB /* Tests_iOSLaunchTests.swift */,
			);
			path = "Tests iOS";
			sourceTree = "<group>";
		};
		FDA0161028350F92002384CB /* Tests macOS */ = {
			isa = PBXGroup;
			children = (
				FDA0161128350F92002384CB /* Tests_macOS.swift */,
				FDA0161328350F92002384CB /* Tests_macOSLaunchTests.swift */,
			);
			path = "Tests macOS";
			sourceTree = "<group>";
		};
/* End PBXGroup section */

/* Begin PBXNativeTarget section */
		FDA015F328350F92002384CB /* chainVote (iOS) */ = {
			isa = PBXNativeTarget;
			buildConfigurationList = FDA0162128350F92002384CB /* Build configuration list for PBXNativeTarget "chainVote (iOS)" */;
			buildPhases = (
				FDA015F028350F92002384CB /* Sources */,
				FDA015F128350F92002384CB /* Frameworks */,
				FDA015F228350F92002384CB /* Resources */,
			);
			buildRules = (
			);
			dependencies = (
			);
			name = "chainVote (iOS)";
			productName = "chainVote (iOS)";
			productReference = FDA015F428350F92002384CB /* chainVote.app */;
			productType = "com.apple.product-type.application";
		};
		FDA015F928350F92002384CB /* chainVote (macOS) */ = {
			isa = PBXNativeTarget;
			buildConfigurationList = FDA0162428350F92002384CB /* Build configuration list for PBXNativeTarget "chainVote (macOS)" */;
			buildPhases = (
				FDA015F628350F92002384CB /* Sources */,
				FDA015F728350F92002384CB /* Frameworks */,
				FDA015F828350F92002384CB /* Resources */,
			);
			buildRules = (
			);
			dependencies = (
			);
			name = "chainVote (macOS)";
			productName = "chainVote (macOS)";
			productReference = FDA015FA28350F92002384CB /* chainVote.app */;
			productType = "com.apple.product-type.application";
		};
		FDA0160028350F92002384CB /* Tests iOS */ = {
			isa = PBXNativeTarget;
			buildConfigurationList = FDA0162728350F92002384CB /* Build configuration list for PBXNativeTarget "Tests iOS" */;
			buildPhases = (
				FDA015FD28350F92002384CB /* Sources */,
				FDA015FE28350F92002384CB /* Frameworks */,
				FDA015FF28350F92002384CB /* Resources */,
			);
			buildRules = (
			);
			dependencies = (
				FDA0160328350F92002384CB /* PBXTargetDependency */,
			);
			name = "Tests iOS";
			productName = "Tests iOS";
			productReference = FDA0160128350F92002384CB /* Tests iOS.xctest */;
			productType = "com.apple.product-type.bundle.ui-testing";
		};
		FDA0160C28350F92002384CB /* Tests macOS */ = {
			isa = PBXNativeTarget;
			buildConfigurationList = FDA0162A28350F92002384CB /* Build configuration list for PBXNativeTarget "Tests macOS" */;
			buildPhases = (
				FDA0160928350F92002384CB /* Sources */,
				FDA0160A28350F92002384CB /* Frameworks */,
				FDA0160B28350F92002384CB /* Resources */,
			);
			buildRules = (
			);
			dependencies = (
				FDA0160F28350F92002384CB /* PBXTargetDependency */,
			);
			name = "Tests macOS";
			productName = "Tests macOS";
			productReference = FDA0160D28350F92002384CB /* Tests macOS.xctest */;
			productType = "com.apple.product-type.bundle.ui-testing";
		};
/* End PBXNativeTarget section */

/* Begin PBXProject section */
		FDA015E528350F8A002384CB /* Project object */ = {
			isa = PBXProject;
			attributes = {
				BuildIndependentTargetsInParallel = 1;
				LastSwiftUpdateCheck = 1340;
				LastUpgradeCheck = 1340;
				TargetAttributes = {
					FDA015F328350F92002384CB = {
						CreatedOnToolsVersion = 13.4;
					};
					FDA015F928350F92002384CB = {
						CreatedOnToolsVersion = 13.4;
					};
					FDA0160028350F92002384CB = {
						CreatedOnToolsVersion = 13.4;
						TestTargetID = FDA015F328350F92002384CB;
					};
					FDA0160C28350F92002384CB = {
						CreatedOnToolsVersion = 13.4;
						TestTargetID = FDA015F928350F92002384CB;
					};
				};
			};
			buildConfigurationList = FDA015E828350F8A002384CB /* Build configuration list for PBXProject "chainVote" */;
			compatibilityVersion = "Xcode 13.0";
			developmentRegion = en;
			hasScannedForEncodings = 0;
			knownRegions = (
				en,
				Base,
			);
			mainGroup = FDA015E428350F8A002384CB;
			productRefGroup = FDA015F528350F92002384CB /* Products */;
			projectDirPath = "";
			projectRoot = "";
			targets = (
				FDA015F328350F92002384CB /* chainVote (iOS) */,
				FDA015F928350F92002384CB /* chainVote (macOS) */,
				FDA0160028350F92002384CB /* Tests iOS */,
				FDA0160C28350F92002384CB /* Tests macOS */,
			);
		};
/* End PBXProject section */

/* Begin PBXResourcesBuildPhase section */
		FDA015F228350F92002384CB /* Resources */ = {
			isa = PBXResourcesBuildPhase;
			buildActionMask = 2147483647;
			files = (
				FDA0161D28350F92002384CB /* Assets.xcassets in Resources */,
			);
			runOnlyForDeploymentPostprocessing = 0;
		};
		FDA015F828350F92002384CB /* Resources */ = {
			isa = PBXResourcesBuildPhase;
			buildActionMask = 2147483647;
			files = (
				FDA0161E28350F92002384CB /* Assets.xcassets in Resources */,
			);
			runOnlyForDeploymentPostprocessing = 0;
		};
		FDA015FF28350F92002384CB /* Resources */ = {
			isa = PBXResourcesBuildPhase;
			buildActionMask = 2147483647;
			files = (
			);
			runOnlyForDeploymentPostprocessing = 0;
		};
		FDA0160B28350F92002384CB /* Resources */ = {
			isa = PBXResourcesBuildPhase;
			buildActionMask = 2147483647;
			files = (
			);
			runOnlyForDeploymentPostprocessing = 0;
		};
/* End PBXResourcesBuildPhase section */

/* Begin PBXSourcesBuildPhase section */
		FDA015F028350F92002384CB /* Sources */ = {
			isa = PBXSourcesBuildPhase;
			buildActionMask = 2147483647;
			files = (
				FDA0161528350F92002384CB /* chainVote.xcdatamodeld in Sources */,
				FDA0161B28350F92002384CB /* Persistence.swift in Sources */,
				FDA0161728350F92002384CB /* chainVoteApp.swift in Sources */,
				FDA0161928350F92002384CB /* ContentView.swift in Sources */,
			);
			runOnlyForDeploymentPostprocessing = 0;
		};
		FDA015F628350F92002384CB /* Sources */ = {
			isa = PBXSourcesBuildPhase;
			buildActionMask = 2147483647;
			files = (
				FDA0161628350F92002384CB /* chainVote.xcdatamodeld in Sources */,
				FDA0161C28350F92002384CB /* Persistence.swift in Sources */,
				FDA0161828350F92002384CB /* chainVoteApp.swift in Sources */,
				FDA0161A28350F92002384CB /* ContentView.swift in Sources */,
			);
			runOnlyForDeploymentPostprocessing = 0;
		};
		FDA015FD28350F92002384CB /* Sources */ = {
			isa = PBXSourcesBuildPhase;
			buildActionMask = 2147483647;
			files = (
				FDA0160828350F92002384CB /* Tests_iOSLaunchTests.swift in Sources */,
				FDA0160628350F92002384CB /* Tests_iOS.swift in Sources */,
			);
			runOnlyForDeploymentPostprocessing = 0;
		};
		FDA0160928350F92002384CB /* Sources */ = {
			isa = PBXSourcesBuildPhase;
			buildActionMask = 2147483647;
			files = (
				FDA0161428350F92002384CB /* Tests_macOSLaunchTests.swift in Sources */,
				FDA0161228350F92002384CB /* Tests_macOS.swift in Sources */,
			);
			runOnlyForDeploymentPostprocessing = 0;
		};
/* End PBXSourcesBuildPhase section */

/* Begin PBXTargetDependency section */
		FDA0160328350F92002384CB /* PBXTargetDependency */ = {
			isa = PBXTargetDependency;
			target = FDA015F328350F92002384CB /* chainVote (iOS) */;
			targetProxy = FDA0160228350F92002384CB /* PBXContainerItemProxy */;
		};
		FDA0160F28350F92002384CB /* PBXTargetDependency */ = {
			isa = PBXTargetDependency;
			target = FDA015F928350F92002384CB /* chainVote (macOS) */;
			targetProxy = FDA0160E28350F92002384CB /* PBXContainerItemProxy */;
		};
/* End PBXTargetDependency section */

/* Begin XCBuildConfiguration section */
		FDA0161F28350F92002384CB /* Debug */ = {
			isa = XCBuildConfiguration;
			buildSettings = {
				ALWAYS_SEARCH_USER_PATHS = NO;
				CLANG_ANALYZER_NONNULL = YES;
				CLANG_ANALYZER_NUMBER_OBJECT_CONVERSION = YES_AGGRESSIVE;
				CLANG_CXX_LANGUAGE_STANDARD = "gnu++17";
				CLANG_ENABLE_MODULES = YES;
				CLANG_ENABLE_OBJC_ARC = YES;
				CLANG_ENABLE_OBJC_WEAK = YES;
				CLANG_WARN_BLOCK_CAPTURE_AUTORELEASING = YES;
				CLANG_WARN_BOOL_CONVERSION = YES;
				CLANG_WARN_COMMA = YES;
				CLANG_WARN_CONSTANT_CONVERSION = YES;
				CLANG_WARN_DEPRECATED_OBJC_IMPLEMENTATIONS = YES;
				CLANG_WARN_DIRECT_OBJC_ISA_USAGE = YES_ERROR;
				CLANG_WARN_DOCUMENTATION_COMMENTS = YES;
				CLANG_WARN_EMPTY_BODY = YES;
				CLANG_WARN_ENUM_CONVERSION = YES;
				CLANG_WARN_INFINITE_RECURSION = YES;
				CLANG_WARN_INT_CONVERSION = YES;
				CLANG_WARN_NON_LITERAL_NULL_CONVERSION = YES;
				CLANG_WARN_OBJC_IMPLICIT_RETAIN_SELF = YES;
				CLANG_WARN_OBJC_LITERAL_CONVERSION = YES;
				CLANG_WARN_OBJC_ROOT_CLASS = YES_ERROR;
				CLANG_WARN_QUOTED_INCLUDE_IN_FRAMEWORK_HEADER = YES;
				CLANG_WARN_RANGE_LOOP_ANALYSIS = YES;
				CLANG_WARN_STRICT_PROTOTYPES = YES;
				CLANG_WARN_SUSPICIOUS_MOVE = YES;
				CLANG_WARN_UNGUARDED_AVAILABILITY = YES_AGGRESSIVE;
				CLANG_WARN_UNREACHABLE_CODE = YES;
				CLANG_WARN__DUPLICATE_METHOD_MATCH = YES;
				COPY_PHASE_STRIP = NO;
				DEBUG_INFORMATION_FORMAT = dwarf;
				ENABLE_STRICT_OBJC_MSGSEND = YES;
				ENABLE_TESTABILITY = YES;
				GCC_C_LANGUAGE_STANDARD = gnu11;
				GCC_DYNAMIC_NO_PIC = NO;
				GCC_NO_COMMON_BLOCKS = YES;
				GCC_OPTIMIZATION_LEVEL = 0;
				GCC_PREPROCESSOR_DEFINITIONS = (
					"DEBUG=1",
					"$(inherited)",
				);
				GCC_WARN_64_TO_32_BIT_CONVERSION = YES;
				GCC_WARN_ABOUT_RETURN_TYPE = YES_ERROR;
				GCC_WARN_UNDECLARED_SELECTOR = YES;
				GCC_WARN_UNINITIALIZED_AUTOS = YES_AGGRESSIVE;
				GCC_WARN_UNUSED_FUNCTION = YES;
				GCC_WARN_UNUSED_VARIABLE = YES;
				MTL_ENABLE_DEBUG_INFO = INCLUDE_SOURCE;
				MTL_FAST_MATH = YES;
				ONLY_ACTIVE_ARCH = YES;
				SWIFT_ACTIVE_COMPILATION_CONDITIONS = DEBUG;
				SWIFT_OPTIMIZATION_LEVEL = "-Onone";
			};
			name = Debug;
		};
		FDA0162028350F92002384CB /* Release */ = {
			isa = XCBuildConfiguration;
			buildSettings = {
				ALWAYS_SEARCH_USER_PATHS = NO;
				CLANG_ANALYZER_NONNULL = YES;
				CLANG_ANALYZER_NUMBER_OBJECT_CONVERSION = YES_AGGRESSIVE;
				CLANG_CXX_LANGUAGE_STANDARD = "gnu++17";
				CLANG_ENABLE_MODULES = YES;
				CLANG_ENABLE_OBJC_ARC = YES;
				CLANG_ENABLE_OBJC_WEAK = YES;
				CLANG_WARN_BLOCK_CAPTURE_AUTORELEASING = YES;
				CLANG_WARN_BOOL_CONVERSION = YES;
				CLANG_WARN_COMMA = YES;
				CLANG_WARN_CONSTANT_CONVERSION = YES;
				CLANG_WARN_DEPRECATED_OBJC_IMPLEMENTATIONS = YES;
				CLANG_WARN_DIRECT_OBJC_ISA_USAGE = YES_ERROR;
				CLANG_WARN_DOCUMENTATION_COMMENTS = YES;
				CLANG_WARN_EMPTY_BODY = YES;
				CLANG_WARN_ENUM_CONVERSION = YES;
				CLANG_WARN_INFINITE_RECURSION = YES;
				CLANG_WARN_INT_CONVERSION = YES;
				CLANG_WARN_NON_LITERAL_NULL_CONVERSION = YES;
				CLANG_WARN_OBJC_IMPLICIT_RETAIN_SELF = YES;
				CLANG_WARN_OBJC_LITERAL_CONVERSION = YES;
				CLANG_WARN_OBJC_ROOT_CLASS = YES_ERROR;
				CLANG_WARN_QUOTED_INCLUDE_IN_FRAMEWORK_HEADER = YES;
				CLANG_WARN_RANGE_LOOP_ANALYSIS = YES;
				CLANG_WARN_STRICT_PROTOTYPES = YES;
				CLANG_WARN_SUSPICIOUS_MOVE = YES;
				CLANG_WARN_UNGUARDED_AVAILABILITY = YES_AGGRESSIVE;
				CLANG_WARN_UNREACHABLE_CODE = YES;
				CLANG_WARN__DUPLICATE_METHOD_MATCH = YES;
				COPY_PHASE_STRIP = NO;
				DEBUG_INFORMATION_FORMAT = "dwarf-with-dsym";
				ENABLE_NS_ASSERTIONS = NO;
				ENABLE_STRICT_OBJC_MSGSEND = YES;
				GCC_C_LANGUAGE_STANDARD = gnu11;
				GCC_NO_COMMON_BLOCKS = YES;
				GCC_WARN_64_TO_32_BIT_CONVERSION = YES;
				GCC_WARN_ABOUT_RETURN_TYPE = YES_ERROR;
				GCC_WARN_UNDECLARED_SELECTOR = YES;
				GCC_WARN_UNINITIALIZED_AUTOS = YES_AGGRESSIVE;
				GCC_WARN_UNUSED_FUNCTION = YES;
				GCC_WARN_UNUSED_VARIABLE = YES;
				MTL_ENABLE_DEBUG_INFO = NO;
				MTL_FAST_MATH = YES;
				SWIFT_COMPILATION_MODE = wholemodule;
				SWIFT_OPTIMIZATION_LEVEL = "-O";
			};
			name = Release;
		};
		FDA0162228350F92002384CB /* Debug */ = {
			isa = XCBuildConfiguration;
			buildSettings = {
				ASSETCATALOG_COMPILER_APPICON_NAME = AppIcon;
				ASSETCATALOG_COMPILER_GLOBAL_ACCENT_COLOR_NAME = AccentColor;
				CODE_SIGN_STYLE = Automatic;
				CURRENT_PROJECT_VERSION = 1;
				DEVELOPMENT_TEAM = 5P3H5JHD9G;
				ENABLE_PREVIEWS = YES;
				GENERATE_INFOPLIST_FILE = YES;
				INFOPLIST_KEY_UIApplicationSceneManifest_Generation = YES;
				INFOPLIST_KEY_UIApplicationSupportsIndirectInputEvents = YES;
				INFOPLIST_KEY_UILaunchScreen_Generation = YES;
				INFOPLIST_KEY_UISupportedInterfaceOrientations_iPad = "UIInterfaceOrientationPortrait UIInterfaceOrientationPortraitUpsideDown UIInterfaceOrientationLandscapeLeft UIInterfaceOrientationLandscapeRight";
				INFOPLIST_KEY_UISupportedInterfaceOrientations_iPhone = "UIInterfaceOrientationPortrait UIInterfaceOrientationLandscapeLeft UIInterfaceOrientationLandscapeRight";
				IPHONEOS_DEPLOYMENT_TARGET = 15.5;
				LD_RUNPATH_SEARCH_PATHS = (
					"$(inherited)",
					"@executable_path/Frameworks",
				);
				MARKETING_VERSION = 1.0;
				PRODUCT_BUNDLE_IDENTIFIER = com.chainVote;
				PRODUCT_NAME = chainVote;
				SDKROOT = iphoneos;
				SWIFT_EMIT_LOC_STRINGS = YES;
				SWIFT_VERSION = 5.0;
				TARGETED_DEVICE_FAMILY = "1,2";
			};
			name = Debug;
		};
		FDA0162328350F92002384CB /* Release */ = {
			isa = XCBuildConfiguration;
			buildSettings = {
				ASSETCATALOG_COMPILER_APPICON_NAME = AppIcon;
				ASSETCATALOG_COMPILER_GLOBAL_ACCENT_COLOR_NAME = AccentColor;
				CODE_SIGN_STYLE = Automatic;
				CURRENT_PROJECT_VERSION = 1;
				DEVELOPMENT_TEAM = 5P3H5JHD9G;
				ENABLE_PREVIEWS = YES;
				GENERATE_INFOPLIST_FILE = YES;
				INFOPLIST_KEY_UIApplicationSceneManifest_Generation = YES;
				INFOPLIST_KEY_UIApplicationSupportsIndirectInputEvents = YES;
				INFOPLIST_KEY_UILaunchScreen_Generation = YES;
				INFOPLIST_KEY_UISupportedInterfaceOrientations_iPad = "UIInterfaceOrientationPortrait UIInterfaceOrientationPortraitUpsideDown UIInterfaceOrientationLandscapeLeft UIInterfaceOrientationLandscapeRight";
				INFOPLIST_KEY_UISupportedInterfaceOrientations_iPhone = "UIInterfaceOrientationPortrait UIInterfaceOrientationLandscapeLeft UIInterfaceOrientationLandscapeRight";
				IPHONEOS_DEPLOYMENT_TARGET = 15.5;
				LD_RUNPATH_SEARCH_PATHS = (
					"$(inherited)",
					"@executable_path/Frameworks",
				);
				MARKETING_VERSION = 1.0;
				PRODUCT_BUNDLE_IDENTIFIER = com.chainVote;
				PRODUCT_NAME = chainVote;
				SDKROOT = iphoneos;
				SWIFT_EMIT_LOC_STRINGS = YES;
				SWIFT_VERSION = 5.0;
				TARGETED_DEVICE_FAMILY = "1,2";
				VALIDATE_PRODUCT = YES;
			};
			name = Release;
		};
		FDA0162528350F92002384CB /* Debug */ = {
			isa = XCBuildConfiguration;
			buildSettings = {
				ASSETCATALOG_COMPILER_APPICON_NAME = AppIcon;
				ASSETCATALOG_COMPILER_GLOBAL_ACCENT_COLOR_NAME = AccentColor;
				CODE_SIGN_ENTITLEMENTS = macOS/macOS.entitlements;
				CODE_SIGN_STYLE = Automatic;
				COMBINE_HIDPI_IMAGES = YES;
				CURRENT_PROJECT_VERSION = 1;
				DEVELOPMENT_TEAM = 5P3H5JHD9G;
				ENABLE_HARDENED_RUNTIME = YES;
				ENABLE_PREVIEWS = YES;
				GENERATE_INFOPLIST_FILE = YES;
				INFOPLIST_KEY_NSHumanReadableCopyright = "";
				LD_RUNPATH_SEARCH_PATHS = (
					"$(inherited)",
					"@executable_path/../Frameworks",
				);
				MACOSX_DEPLOYMENT_TARGET = 12.3;
				MARKETING_VERSION = 1.0;
				PRODUCT_BUNDLE_IDENTIFIER = com.chainVote;
				PRODUCT_NAME = chainVote;
				SDKROOT = macosx;
				SWIFT_EMIT_LOC_STRINGS = YES;
				SWIFT_VERSION = 5.0;
			};
			name = Debug;
		};
		FDA0162628350F92002384CB /* Release */ = {
			isa = XCBuildConfiguration;
			buildSettings = {
				ASSETCATALOG_COMPILER_APPICON_NAME = AppIcon;
				ASSETCATALOG_COMPILER_GLOBAL_ACCENT_COLOR_NAME = AccentColor;
				CODE_SIGN_ENTITLEMENTS = macOS/macOS.entitlements;
				CODE_SIGN_STYLE = Automatic;
				COMBINE_HIDPI_IMAGES = YES;
				CURRENT_PROJECT_VERSION = 1;
				DEVELOPMENT_TEAM = 5P3H5JHD9G;
				ENABLE_HARDENED_RUNTIME = YES;
				ENABLE_PREVIEWS = YES;
				GENERATE_INFOPLIST_FILE = YES;
				INFOPLIST_KEY_NSHumanReadableCopyright = "";
				LD_RUNPATH_SEARCH_PATHS = (
					"$(inherited)",
					"@executable_path/../Frameworks",
				);
				MACOSX_DEPLOYMENT_TARGET = 12.3;
				MARKETING_VERSION = 1.0;
				PRODUCT_BUNDLE_IDENTIFIER = com.chainVote;
				PRODUCT_NAME = chainVote;
				SDKROOT = macosx;
				SWIFT_EMIT_LOC_STRINGS = YES;
				SWIFT_VERSION = 5.0;
			};
			name = Release;
		};
		FDA0162828350F92002384CB /* Debug */ = {
			isa = XCBuildConfiguration;
			buildSettings = {
				ALWAYS_EMBED_SWIFT_STANDARD_LIBRARIES = YES;
				CODE_SIGN_STYLE = Automatic;
				CURRENT_PROJECT_VERSION = 1;
				DEVELOPMENT_TEAM = 5P3H5JHD9G;
				GENERATE_INFOPLIST_FILE = YES;
				IPHONEOS_DEPLOYMENT_TARGET = 15.5;
				MARKETING_VERSION = 1.0;
				PRODUCT_BUNDLE_IDENTIFIER = "com.Tests-iOS";
				PRODUCT_NAME = "$(TARGET_NAME)";
				SDKROOT = iphoneos;
				SWIFT_EMIT_LOC_STRINGS = NO;
				SWIFT_VERSION = 5.0;
				TARGETED_DEVICE_FAMILY = "1,2";
				TEST_TARGET_NAME = "chainVote (iOS)";
			};
			name = Debug;
		};
		FDA0162928350F92002384CB /* Release */ = {
			isa = XCBuildConfiguration;
			buildSettings = {
				ALWAYS_EMBED_SWIFT_STANDARD_LIBRARIES = YES;
				CODE_SIGN_STYLE = Automatic;
				CURRENT_PROJECT_VERSION = 1;
				DEVELOPMENT_TEAM = 5P3H5JHD9G;
				GENERATE_INFOPLIST_FILE = YES;
				IPHONEOS_DEPLOYMENT_TARGET = 15.5;
				MARKETING_VERSION = 1.0;
				PRODUCT_BUNDLE_IDENTIFIER = "com.Tests-iOS";
				PRODUCT_NAME = "$(TARGET_NAME)";
				SDKROOT = iphoneos;
				SWIFT_EMIT_LOC_STRINGS = NO;
				SWIFT_VERSION = 5.0;
				TARGETED_DEVICE_FAMILY = "1,2";
				TEST_TARGET_NAME = "chainVote (iOS)";
				VALIDATE_PRODUCT = YES;
			};
			name = Release;
		};
		FDA0162B28350F92002384CB /* Debug */ = {
			isa = XCBuildConfiguration;
			buildSettings = {
				ALWAYS_EMBED_SWIFT_STANDARD_LIBRARIES = YES;
				CODE_SIGN_STYLE = Automatic;
				CURRENT_PROJECT_VERSION = 1;
				DEVELOPMENT_TEAM = 5P3H5JHD9G;
				GENERATE_INFOPLIST_FILE = YES;
				MACOSX_DEPLOYMENT_TARGET = 12.3;
				MARKETING_VERSION = 1.0;
				PRODUCT_BUNDLE_IDENTIFIER = "com.Tests-macOS";
				PRODUCT_NAME = "$(TARGET_NAME)";
				SDKROOT = macosx;
				SWIFT_EMIT_LOC_STRINGS = NO;
				SWIFT_VERSION = 5.0;
				TEST_TARGET_NAME = "chainVote (macOS)";
			};
			name = Debug;
		};
		FDA0162C28350F92002384CB /* Release */ = {
			isa = XCBuildConfiguration;
			buildSettings = {
				ALWAYS_EMBED_SWIFT_STANDARD_LIBRARIES = YES;
				CODE_SIGN_STYLE = Automatic;
				CURRENT_PROJECT_VERSION = 1;
				DEVELOPMENT_TEAM = 5P3H5JHD9G;
				GENERATE_INFOPLIST_FILE = YES;
				MACOSX_DEPLOYMENT_TARGET = 12.3;
				MARKETING_VERSION = 1.0;
				PRODUCT_BUNDLE_IDENTIFIER = "com.Tests-macOS";
				PRODUCT_NAME = "$(TARGET_NAME)";
				SDKROOT = macosx;
				SWIFT_EMIT_LOC_STRINGS = NO;
				SWIFT_VERSION = 5.0;
				TEST_TARGET_NAME = "chainVote (macOS)";
			};
			name = Release;
		};
/* End XCBuildConfiguration section */

/* Begin XCConfigurationList section */
		FDA015E828350F8A002384CB /* Build configuration list for PBXProject "chainVote" */ = {
			isa = XCConfigurationList;
			buildConfigurations = (
				FDA0161F28350F92002384CB /* Debug */,
				FDA0162028350F92002384CB /* Release */,
			);
			defaultConfigurationIsVisible = 0;
			defaultConfigurationName = Release;
		};
		FDA0162128350F92002384CB /* Build configuration list for PBXNativeTarget "chainVote (iOS)" */ = {
			isa = XCConfigurationList;
			buildConfigurations = (
				FDA0162228350F92002384CB /* Debug */,
				FDA0162328350F92002384CB /* Release */,
			);
			defaultConfigurationIsVisible = 0;
			defaultConfigurationName = Release;
		};
		FDA0162428350F92002384CB /* Build configuration list for PBXNativeTarget "chainVote (macOS)" */ = {
			isa = XCConfigurationList;
			buildConfigurations = (
				FDA0162528350F92002384CB /* Debug */,
				FDA0162628350F92002384CB /* Release */,
			);
			defaultConfigurationIsVisible = 0;
			defaultConfigurationName = Release;
		};
		FDA0162728350F92002384CB /* Build configuration list for PBXNativeTarget "Tests iOS" */ = {
			isa = XCConfigurationList;
			buildConfigurations = (
				FDA0162828350F92002384CB /* Debug */,
				FDA0162928350F92002384CB /* Release */,
			);
			defaultConfigurationIsVisible = 0;
			defaultConfigurationName = Release;
		};
		FDA0162A28350F92002384CB /* Build configuration list for PBXNativeTarget "Tests macOS" */ = {
			isa = XCConfigurationList;
			buildConfigurations = (
				FDA0162B28350F92002384CB /* Debug */,
				FDA0162C28350F92002384CB /* Release */,
			);
			defaultConfigurationIsVisible = 0;
			defaultConfigurationName = Release;
		};
/* End XCConfigurationList section */

/* Begin XCVersionGroup section */
		FDA015EA28350F8B002384CB /* chainVote.xcdatamodeld */ = {
			isa = XCVersionGroup;
			children = (
				FDA015EB28350F8B002384CB /* Shared.xcdatamodel */,
			);
			currentVersion = FDA015EB28350F8B002384CB /* Shared.xcdatamodel */;
			path = chainVote.xcdatamodeld;
			sourceTree = "<group>";
			versionGroupType = wrapper.xcdatamodel;
		};
/* End XCVersionGroup section */
	};
	rootObject = FDA015E528350F8A002384CB /* Project object */;
}
